PODS:
  - audiotranscode_ffi (0.0.1):
    - FlutterMacOS
  - FlutterMacOS (1.0.0)

DEPENDENCIES:
  - audiotranscode_ffi (from `Flutter/ephemeral/.symlinks/plugins/audiotranscode_ffi/macos`)
  - FlutterMacOS (from `Flutter/ephemeral`)

EXTERNAL SOURCES:
  audiotranscode_ffi:
    :path: Flutter/ephemeral/.symlinks/plugins/audiotranscode_ffi/macos
  FlutterMacOS:
    :path: Flutter/ephemeral

SPEC CHECKSUMS:
  audiotranscode_ffi: 5f635f7b4b85305003ec69777eaf98a86bd1fbdb
  FlutterMacOS: 8f6f14fa908a6fb3fba0cd85dbd81ec4b251fb24

PODFILE CHECKSUM: 353c8bcc5d5b0994e508d035b5431cfe18c1dea7

COCOAPODS: 1.12.1
