PODS:
  - audiotranscode_ffi (1.1.0):
    - ffmpeg-kit-macos-audio (= 6.0)
    - FLAC-framework (= 1.4.2-2)
    - FlutterMacOS
  - ffmpeg-kit-macos-audio (6.0)
  - FLAC-framework (1.4.2-2)
  - FlutterMacOS (1.0.0)

DEPENDENCIES:
  - audiotranscode_ffi (from `Flutter/ephemeral/.symlinks/plugins/audiotranscode_ffi/macos`)
  - FlutterMacOS (from `Flutter/ephemeral`)

SPEC REPOS:
  trunk:
    - ffmpeg-kit-macos-audio
    - FLAC-framework

EXTERNAL SOURCES:
  audiotranscode_ffi:
    :path: Flutter/ephemeral/.symlinks/plugins/audiotranscode_ffi/macos
  FlutterMacOS:
    :path: Flutter/ephemeral

SPEC CHECKSUMS:
  audiotranscode_ffi: 153422a9100a79617b74ae9c5992cde868bed70e
  ffmpeg-kit-macos-audio: d1fa3fe42922de39a494c1ac73985524f1c27131
  FLAC-framework: 92d06bed602b884866a5d58048ace29c3206cada
  FlutterMacOS: 8f6f14fa908a6fb3fba0cd85dbd81ec4b251fb24

PODFILE CHECKSUM: 137ddf7b4dbe5a83427ebf04ae8dea674cfd87fa

COCOAPODS: 1.14.3
